
Microsoft Visual Studio Solution File, Format Version 12.00
# Visual Studio Version 16
VisualStudioVersion = 16.0.31025.194
MinimumVisualStudioVersion = 10.0.40219.1
Project("{FAE04EC0-301F-11D3-BF4B-00C04F79EFBC}") = "SkyTech.SalesOrderToInvoice", "SkyTech.SalesOrderToInvoice\SkyTech.SalesOrderToInvoice.csproj", "{4D539D9D-761F-4AF7-9C22-C25253A9182E}"
EndProject
Global
	GlobalSection(SolutionConfigurationPlatforms) = preSolution
		Debug|Any CPU = Debug|Any CPU
		Release|Any CPU = Release|Any CPU
	EndGlobalSection
	GlobalSection(ProjectConfigurationPlatforms) = postSolution
		{4D539D9D-761F-4AF7-9C22-C25253A9182E}.Debug|Any CPU.ActiveCfg = Debug|Any CPU
		{4D539D9D-761F-4AF7-9C22-C25253A9182E}.Debug|Any CPU.Build.0 = Debug|Any CPU
		{4D539D9D-761F-4AF7-9C22-C25253A9182E}.Release|Any CPU.ActiveCfg = Release|Any CPU
		{4D539D9D-761F-4AF7-9C22-C25253A9182E}.Release|Any CPU.Build.0 = Release|Any CPU
	EndGlobalSection
	GlobalSection(SolutionProperties) = preSolution
		HideSolutionNode = FALSE
	EndGlobalSection
	GlobalSection(ExtensibilityGlobals) = postSolution
		SolutionGuid = {7654BC6E-A5B2-41F2-BC63-9FBF5619185F}
	EndGlobalSection
EndGlobal
